
Microsoft Visual Studio Solution File, Format Version 12.00
# Visual Studio Version 17
VisualStudioVersion = 17.0.31903.59
MinimumVisualStudioVersion = 10.0.40219.1
Project("{2150E333-8FDC-42A3-9474-1A3956D46DE8}") = "src", "src", "{A55F1811-7BF8-44FF-A84E-490BCFC561EE}"
EndProject
Project("{2150E333-8FDC-42A3-9474-1A3956D46DE8}") = "services", "services", "{71356543-C972-42B6-843B-7B161CF8C9BF}"
EndProject
Project("{2150E333-8FDC-42A3-9474-1A3956D46DE8}") = "identidade", "identidade", "{41D71CE3-BF07-498B-BC46-3286991EB107}"
EndProject
Project("{FAE04EC0-301F-11D3-BF4B-00C04F79EFBC}") = "NSE.Identidade.API", "src\services\identidade\NSE.Identidade.API\NSE.Identidade.API.csproj", "{9D62CC28-0546-4C81-962F-9354DAA695BA}"
EndProject
Project("{2150E333-8FDC-42A3-9474-1A3956D46DE8}") = "building blocks", "building blocks", "{15612AF8-0E1C-42D4-9D6E-F7770E4CEC9B}"
EndProject
Project("{2150E333-8FDC-42A3-9474-1A3956D46DE8}") = "core", "core", "{98297E68-77F0-40B7-B516-23D95E24283D}"
EndProject
Project("{FAE04EC0-301F-11D3-BF4B-00C04F79EFBC}") = "NSE.Core", "src\building blocks\core\NSE.Core\NSE.Core.csproj", "{78E0BCDF-8F6B-4FE7-BCD2-377EF31C6F0B}"
EndProject
Project("{2150E333-8FDC-42A3-9474-1A3956D46DE8}") = "web", "web", "{938AA52A-98F0-4448-A5B3-8F87802E7E99}"
EndProject
Project("{FAE04EC0-301F-11D3-BF4B-00C04F79EFBC}") = "NSE.WebApp.MVC", "src\web\NSE.WebApp.MVC\NSE.WebApp.MVC.csproj", "{C513614E-8191-4485-9CD7-173464E1E386}"
EndProject
Project("{2150E333-8FDC-42A3-9474-1A3956D46DE8}") = "catalogo", "catalogo", "{49EB090A-9E2F-463C-A4AF-AA171ECD07E4}"
EndProject
Project("{FAE04EC0-301F-11D3-BF4B-00C04F79EFBC}") = "NSE.Catalogo.API", "src\services\catalogo\NSE.Catalogo.API\NSE.Catalogo.API.csproj", "{CA3EA12A-B2FA-4066-9B76-A5B5237D557C}"
EndProject
Project("{2150E333-8FDC-42A3-9474-1A3956D46DE8}") = "carrinho", "carrinho", "{39A077DA-87CE-45C0-BEF2-591947F36E6B}"
EndProject
Project("{FAE04EC0-301F-11D3-BF4B-00C04F79EFBC}") = "NSE.Carrinho.API", "src\services\carrinho\NSE.Carrinho.API\NSE.Carrinho.API.csproj", "{470BA67B-4BA7-42CC-BC11-DF14995B9042}"
EndProject
Project("{2150E333-8FDC-42A3-9474-1A3956D46DE8}") = "cliente", "cliente", "{69AC98C6-351C-4C99-B6CC-8A5961840B1C}"
EndProject
Project("{FAE04EC0-301F-11D3-BF4B-00C04F79EFBC}") = "NSE.Cliente.API", "src\services\cliente\NSE.Cliente.API\NSE.Cliente.API.csproj", "{DA862268-2689-416B-A44C-0F7ACD029EC9}"
EndProject
Project("{2150E333-8FDC-42A3-9474-1A3956D46DE8}") = "pagamento", "pagamento", "{660D4946-FA2E-4128-8920-75D51F8E6243}"
EndProject
Project("{FAE04EC0-301F-11D3-BF4B-00C04F79EFBC}") = "NSE.Pagamento.API", "src\services\pagamento\NSE.Pagamento.API\NSE.Pagamento.API.csproj", "{92F63489-36AF-4226-8890-7413FC04F409}"
EndProject
Project("{2150E333-8FDC-42A3-9474-1A3956D46DE8}") = "pedido", "pedido", "{595AF70C-9398-4D7B-B71C-6C3DDCB2DED3}"
EndProject
Project("{FAE04EC0-301F-11D3-BF4B-00C04F79EFBC}") = "NSE.Pedido.API", "src\services\pedido\NSE.Pedido.API\NSE.Pedido.API.csproj", "{C4257AD4-5141-40C0-8BF4-95455D34F272}"
EndProject
Global
	GlobalSection(SolutionConfigurationPlatforms) = preSolution
		Debug|Any CPU = Debug|Any CPU
		Release|Any CPU = Release|Any CPU
	EndGlobalSection
	GlobalSection(SolutionProperties) = preSolution
		HideSolutionNode = FALSE
	EndGlobalSection
	GlobalSection(ProjectConfigurationPlatforms) = postSolution
		{9D62CC28-0546-4C81-962F-9354DAA695BA}.Debug|Any CPU.ActiveCfg = Debug|Any CPU
		{9D62CC28-0546-4C81-962F-9354DAA695BA}.Debug|Any CPU.Build.0 = Debug|Any CPU
		{9D62CC28-0546-4C81-962F-9354DAA695BA}.Release|Any CPU.ActiveCfg = Release|Any CPU
		{9D62CC28-0546-4C81-962F-9354DAA695BA}.Release|Any CPU.Build.0 = Release|Any CPU
		{78E0BCDF-8F6B-4FE7-BCD2-377EF31C6F0B}.Debug|Any CPU.ActiveCfg = Debug|Any CPU
		{78E0BCDF-8F6B-4FE7-BCD2-377EF31C6F0B}.Debug|Any CPU.Build.0 = Debug|Any CPU
		{78E0BCDF-8F6B-4FE7-BCD2-377EF31C6F0B}.Release|Any CPU.ActiveCfg = Release|Any CPU
		{78E0BCDF-8F6B-4FE7-BCD2-377EF31C6F0B}.Release|Any CPU.Build.0 = Release|Any CPU
		{C513614E-8191-4485-9CD7-173464E1E386}.Debug|Any CPU.ActiveCfg = Debug|Any CPU
		{C513614E-8191-4485-9CD7-173464E1E386}.Debug|Any CPU.Build.0 = Debug|Any CPU
		{C513614E-8191-4485-9CD7-173464E1E386}.Release|Any CPU.ActiveCfg = Release|Any CPU
		{C513614E-8191-4485-9CD7-173464E1E386}.Release|Any CPU.Build.0 = Release|Any CPU
		{CA3EA12A-B2FA-4066-9B76-A5B5237D557C}.Debug|Any CPU.ActiveCfg = Debug|Any CPU
		{CA3EA12A-B2FA-4066-9B76-A5B5237D557C}.Debug|Any CPU.Build.0 = Debug|Any CPU
		{CA3EA12A-B2FA-4066-9B76-A5B5237D557C}.Release|Any CPU.ActiveCfg = Release|Any CPU
		{CA3EA12A-B2FA-4066-9B76-A5B5237D557C}.Release|Any CPU.Build.0 = Release|Any CPU
		{470BA67B-4BA7-42CC-BC11-DF14995B9042}.Debug|Any CPU.ActiveCfg = Debug|Any CPU
		{470BA67B-4BA7-42CC-BC11-DF14995B9042}.Debug|Any CPU.Build.0 = Debug|Any CPU
		{470BA67B-4BA7-42CC-BC11-DF14995B9042}.Release|Any CPU.ActiveCfg = Release|Any CPU
		{470BA67B-4BA7-42CC-BC11-DF14995B9042}.Release|Any CPU.Build.0 = Release|Any CPU
		{DA862268-2689-416B-A44C-0F7ACD029EC9}.Debug|Any CPU.ActiveCfg = Debug|Any CPU
		{DA862268-2689-416B-A44C-0F7ACD029EC9}.Debug|Any CPU.Build.0 = Debug|Any CPU
		{DA862268-2689-416B-A44C-0F7ACD029EC9}.Release|Any CPU.ActiveCfg = Release|Any CPU
		{DA862268-2689-416B-A44C-0F7ACD029EC9}.Release|Any CPU.Build.0 = Release|Any CPU
		{92F63489-36AF-4226-8890-7413FC04F409}.Debug|Any CPU.ActiveCfg = Debug|Any CPU
		{92F63489-36AF-4226-8890-7413FC04F409}.Debug|Any CPU.Build.0 = Debug|Any CPU
		{92F63489-36AF-4226-8890-7413FC04F409}.Release|Any CPU.ActiveCfg = Release|Any CPU
		{92F63489-36AF-4226-8890-7413FC04F409}.Release|Any CPU.Build.0 = Release|Any CPU
		{C4257AD4-5141-40C0-8BF4-95455D34F272}.Debug|Any CPU.ActiveCfg = Debug|Any CPU
		{C4257AD4-5141-40C0-8BF4-95455D34F272}.Debug|Any CPU.Build.0 = Debug|Any CPU
		{C4257AD4-5141-40C0-8BF4-95455D34F272}.Release|Any CPU.ActiveCfg = Release|Any CPU
		{C4257AD4-5141-40C0-8BF4-95455D34F272}.Release|Any CPU.Build.0 = Release|Any CPU
	EndGlobalSection
	GlobalSection(NestedProjects) = preSolution
		{71356543-C972-42B6-843B-7B161CF8C9BF} = {A55F1811-7BF8-44FF-A84E-490BCFC561EE}
		{41D71CE3-BF07-498B-BC46-3286991EB107} = {71356543-C972-42B6-843B-7B161CF8C9BF}
		{9D62CC28-0546-4C81-962F-9354DAA695BA} = {41D71CE3-BF07-498B-BC46-3286991EB107}
		{15612AF8-0E1C-42D4-9D6E-F7770E4CEC9B} = {A55F1811-7BF8-44FF-A84E-490BCFC561EE}
		{98297E68-77F0-40B7-B516-23D95E24283D} = {15612AF8-0E1C-42D4-9D6E-F7770E4CEC9B}
		{78E0BCDF-8F6B-4FE7-BCD2-377EF31C6F0B} = {98297E68-77F0-40B7-B516-23D95E24283D}
		{938AA52A-98F0-4448-A5B3-8F87802E7E99} = {A55F1811-7BF8-44FF-A84E-490BCFC561EE}
		{C513614E-8191-4485-9CD7-173464E1E386} = {938AA52A-98F0-4448-A5B3-8F87802E7E99}
		{49EB090A-9E2F-463C-A4AF-AA171ECD07E4} = {71356543-C972-42B6-843B-7B161CF8C9BF}
		{CA3EA12A-B2FA-4066-9B76-A5B5237D557C} = {49EB090A-9E2F-463C-A4AF-AA171ECD07E4}
		{39A077DA-87CE-45C0-BEF2-591947F36E6B} = {71356543-C972-42B6-843B-7B161CF8C9BF}
		{470BA67B-4BA7-42CC-BC11-DF14995B9042} = {39A077DA-87CE-45C0-BEF2-591947F36E6B}
		{69AC98C6-351C-4C99-B6CC-8A5961840B1C} = {71356543-C972-42B6-843B-7B161CF8C9BF}
		{DA862268-2689-416B-A44C-0F7ACD029EC9} = {69AC98C6-351C-4C99-B6CC-8A5961840B1C}
		{660D4946-FA2E-4128-8920-75D51F8E6243} = {71356543-C972-42B6-843B-7B161CF8C9BF}
		{92F63489-36AF-4226-8890-7413FC04F409} = {660D4946-FA2E-4128-8920-75D51F8E6243}
		{595AF70C-9398-4D7B-B71C-6C3DDCB2DED3} = {71356543-C972-42B6-843B-7B161CF8C9BF}
		{C4257AD4-5141-40C0-8BF4-95455D34F272} = {595AF70C-9398-4D7B-B71C-6C3DDCB2DED3}
	EndGlobalSection
EndGlobal
